// !$*UTF8*$!
{
	archiveVersion = 1;
	classes = {
	};
	objectVersion = 46;
	objects = {

/* Begin PBXBuildFile section */
		28A24F7D1C305F0900A664BE /* main.cpp in Sources */ = {isa = PBXBuildFile; fileRef = 28A24F7C1C305F0900A664BE /* main.cpp */; };
		28E9E2971C3060C900BC495A /* Moderator.cpp in Sources */ = {isa = PBXBuildFile; fileRef = 28E9E2951C3060C900BC495A /* Moderator.cpp */; };
		28E9E29A1C30975600BC495A /* Player.cpp in Sources */ = {isa = PBXBuildFile; fileRef = 28E9E2981C30975600BC495A /* Player.cpp */; };
		28E9E29D1C3097A500BC495A /* History.cpp in Sources */ = {isa = PBXBuildFile; fileRef = 28E9E29B1C3097A500BC495A /* History.cpp */; };
		EC1A395D1C31B56600628103 /* BasicPlayer.cpp in Sources */ = {isa = PBXBuildFile; fileRef = EC1A395B1C31B56600628103 /* BasicPlayer.cpp */; };
		EC41B4C51C3061F600028691 /* Hand.cpp in Sources */ = {isa = PBXBuildFile; fileRef = EC41B4C31C3061F600028691 /* Hand.cpp */; };
		EC41B4C81C309EB500028691 /* RandomPlayer.cpp in Sources */ = {isa = PBXBuildFile; fileRef = EC41B4C61C309EB500028691 /* RandomPlayer.cpp */; };
/* End PBXBuildFile section */

/* Begin PBXCopyFilesBuildPhase section */
		28A24F771C305F0900A664BE /* CopyFiles */ = {
			isa = PBXCopyFilesBuildPhase;
			buildActionMask = 2147483647;
			dstPath = /usr/share/man/man1/;
			dstSubfolderSpec = 0;
			files = (
			);
			runOnlyForDeploymentPostprocessing = 1;
		};
/* End PBXCopyFilesBuildPhase section */

/* Begin PBXFileReference section */
		28A24F791C305F0900A664BE /* BridgeAI */ = {isa = PBXFileReference; explicitFileType = "compiled.mach-o.executable"; includeInIndex = 0; path = BridgeAI; sourceTree = BUILT_PRODUCTS_DIR; };
		28A24F7C1C305F0900A664BE /* main.cpp */ = {isa = PBXFileReference; lastKnownFileType = sourcecode.cpp.cpp; path = main.cpp; sourceTree = "<group>"; };
		28E9E2931C305FD800BC495A /* Card.hpp */ = {isa = PBXFileReference; fileEncoding = 4; lastKnownFileType = sourcecode.cpp.h; path = Card.hpp; sourceTree = "<group>"; };
		28E9E2951C3060C900BC495A /* Moderator.cpp */ = {isa = PBXFileReference; fileEncoding = 4; lastKnownFileType = sourcecode.cpp.cpp; path = Moderator.cpp; sourceTree = "<group>"; };
		28E9E2961C3060C900BC495A /* Moderator.hpp */ = {isa = PBXFileReference; fileEncoding = 4; lastKnownFileType = sourcecode.cpp.h; path = Moderator.hpp; sourceTree = "<group>"; };
		28E9E2981C30975600BC495A /* Player.cpp */ = {isa = PBXFileReference; fileEncoding = 4; lastKnownFileType = sourcecode.cpp.cpp; path = Player.cpp; sourceTree = "<group>"; };
		28E9E2991C30975600BC495A /* Player.hpp */ = {isa = PBXFileReference; fileEncoding = 4; lastKnownFileType = sourcecode.cpp.h; path = Player.hpp; sourceTree = "<group>"; };
		28E9E29B1C3097A500BC495A /* History.cpp */ = {isa = PBXFileReference; fileEncoding = 4; lastKnownFileType = sourcecode.cpp.cpp; path = History.cpp; sourceTree = "<group>"; };
		28E9E29C1C3097A500BC495A /* History.hpp */ = {isa = PBXFileReference; fileEncoding = 4; lastKnownFileType = sourcecode.cpp.h; path = History.hpp; sourceTree = "<group>"; };
		28E9E29F1C30995500BC495A /* heu.hpp */ = {isa = PBXFileReference; fileEncoding = 4; lastKnownFileType = sourcecode.cpp.h; path = heu.hpp; sourceTree = "<group>"; };
		EC1A395B1C31B56600628103 /* BasicPlayer.cpp */ = {isa = PBXFileReference; fileEncoding = 4; lastKnownFileType = sourcecode.cpp.cpp; path = BasicPlayer.cpp; sourceTree = "<group>"; };
		EC1A395C1C31B56600628103 /* BasicPlayer.hpp */ = {isa = PBXFileReference; fileEncoding = 4; lastKnownFileType = sourcecode.cpp.h; path = BasicPlayer.hpp; sourceTree = "<group>"; };
		EC41B4C31C3061F600028691 /* Hand.cpp */ = {isa = PBXFileReference; fileEncoding = 4; lastKnownFileType = sourcecode.cpp.cpp; path = Hand.cpp; sourceTree = "<group>"; };
		EC41B4C41C3061F600028691 /* Hand.hpp */ = {isa = PBXFileReference; fileEncoding = 4; lastKnownFileType = sourcecode.cpp.h; path = Hand.hpp; sourceTree = "<group>"; };
		EC41B4C61C309EB500028691 /* RandomPlayer.cpp */ = {isa = PBXFileReference; fileEncoding = 4; lastKnownFileType = sourcecode.cpp.cpp; path = RandomPlayer.cpp; sourceTree = "<group>"; };
		EC41B4C71C309EB500028691 /* RandomPlayer.hpp */ = {isa = PBXFileReference; fileEncoding = 4; lastKnownFileType = sourcecode.cpp.h; path = RandomPlayer.hpp; sourceTree = "<group>"; };
/* End PBXFileReference section */

/* Begin PBXFrameworksBuildPhase section */
		28A24F761C305F0900A664BE /* Frameworks */ = {
			isa = PBXFrameworksBuildPhase;
			buildActionMask = 2147483647;
			files = (
			);
			runOnlyForDeploymentPostprocessing = 0;
		};
/* End PBXFrameworksBuildPhase section */

/* Begin PBXGroup section */
		28A24F701C305F0900A664BE = {
			isa = PBXGroup;
			children = (
				28A24F7B1C305F0900A664BE /* BridgeAI */,
				28A24F7A1C305F0900A664BE /* Products */,
			);
			sourceTree = "<group>";
		};
		28A24F7A1C305F0900A664BE /* Products */ = {
			isa = PBXGroup;
			children = (
				28A24F791C305F0900A664BE /* BridgeAI */,
			);
			name = Products;
			sourceTree = "<group>";
		};
		28A24F7B1C305F0900A664BE /* BridgeAI */ = {
			isa = PBXGroup;
			children = (
				28A24F7C1C305F0900A664BE /* main.cpp */,
				28E9E2951C3060C900BC495A /* Moderator.cpp */,
				28E9E2961C3060C900BC495A /* Moderator.hpp */,
				28E9E2981C30975600BC495A /* Player.cpp */,
				28E9E2991C30975600BC495A /* Player.hpp */,
				EC41B4C61C309EB500028691 /* RandomPlayer.cpp */,
				EC41B4C71C309EB500028691 /* RandomPlayer.hpp */,
				EC1A395B1C31B56600628103 /* BasicPlayer.cpp */,
				EC1A395C1C31B56600628103 /* BasicPlayer.hpp */,
				28E9E29F1C30995500BC495A /* heu.hpp */,
				28E9E2931C305FD800BC495A /* Card.hpp */,
				EC41B4C41C3061F600028691 /* Hand.hpp */,
				EC41B4C31C3061F600028691 /* Hand.cpp */,
				28E9E29B1C3097A500BC495A /* History.cpp */,
				28E9E29C1C3097A500BC495A /* History.hpp */,
			);
			path = BridgeAI;
			sourceTree = "<group>";
		};
/* End PBXGroup section */

/* Begin PBXNativeTarget section */
		28A24F781C305F0900A664BE /* BridgeAI */ = {
			isa = PBXNativeTarget;
			buildConfigurationList = 28A24F801C305F0900A664BE /* Build configuration list for PBXNativeTarget "BridgeAI" */;
			buildPhases = (
				28A24F751C305F0900A664BE /* Sources */,
				28A24F761C305F0900A664BE /* Frameworks */,
				28A24F771C305F0900A664BE /* CopyFiles */,
			);
			buildRules = (
			);
			dependencies = (
			);
			name = BridgeAI;
			productName = BridgeAI;
			productReference = 28A24F791C305F0900A664BE /* BridgeAI */;
			productType = "com.apple.product-type.tool";
		};
/* End PBXNativeTarget section */

/* Begin PBXProject section */
		28A24F711C305F0900A664BE /* Project object */ = {
			isa = PBXProject;
			attributes = {
				LastUpgradeCheck = 0720;
				ORGANIZATIONNAME = "Thomas Redding";
				TargetAttributes = {
					28A24F781C305F0900A664BE = {
						CreatedOnToolsVersion = 7.2;
					};
				};
			};
			buildConfigurationList = 28A24F741C305F0900A664BE /* Build configuration list for PBXProject "BridgeAI" */;
			compatibilityVersion = "Xcode 3.2";
			developmentRegion = English;
			hasScannedForEncodings = 0;
			knownRegions = (
				en,
			);
			mainGroup = 28A24F701C305F0900A664BE;
			productRefGroup = 28A24F7A1C305F0900A664BE /* Products */;
			projectDirPath = "";
			projectRoot = "";
			targets = (
				28A24F781C305F0900A664BE /* BridgeAI */,
			);
		};
/* End PBXProject section */

/* Begin PBXSourcesBuildPhase section */
		28A24F751C305F0900A664BE /* Sources */ = {
			isa = PBXSourcesBuildPhase;
			buildActionMask = 2147483647;
			files = (
				28E9E29A1C30975600BC495A /* Player.cpp in Sources */,
				EC1A395D1C31B56600628103 /* BasicPlayer.cpp in Sources */,
				EC41B4C81C309EB500028691 /* RandomPlayer.cpp in Sources */,
				EC41B4C51C3061F600028691 /* Hand.cpp in Sources */,
				28E9E29D1C3097A500BC495A /* History.cpp in Sources */,
				28A24F7D1C305F0900A664BE /* main.cpp in Sources */,
				28E9E2971C3060C900BC495A /* Moderator.cpp in Sources */,
			);
			runOnlyForDeploymentPostprocessing = 0;
		};
/* End PBXSourcesBuildPhase section */

/* Begin XCBuildConfiguration section */
		28A24F7E1C305F0900A664BE /* Debug */ = {
			isa = XCBuildConfiguration;
			buildSettings = {
				ALWAYS_SEARCH_USER_PATHS = NO;
				CLANG_CXX_LANGUAGE_STANDARD = "gnu++0x";
				CLANG_CXX_LIBRARY = "libc++";
				CLANG_ENABLE_MODULES = YES;
				CLANG_ENABLE_OBJC_ARC = YES;
				CLANG_WARN_BOOL_CONVERSION = YES;
				CLANG_WARN_CONSTANT_CONVERSION = YES;
				CLANG_WARN_DIRECT_OBJC_ISA_USAGE = YES_ERROR;
				CLANG_WARN_EMPTY_BODY = YES;
				CLANG_WARN_ENUM_CONVERSION = YES;
				CLANG_WARN_INT_CONVERSION = YES;
				CLANG_WARN_OBJC_ROOT_CLASS = YES_ERROR;
				CLANG_WARN_UNREACHABLE_CODE = YES;
				CLANG_WARN__DUPLICATE_METHOD_MATCH = YES;
				CODE_SIGN_IDENTITY = "-";
				COPY_PHASE_STRIP = NO;
				DEBUG_INFORMATION_FORMAT = dwarf;
				ENABLE_STRICT_OBJC_MSGSEND = YES;
				ENABLE_TESTABILITY = YES;
				GCC_C_LANGUAGE_STANDARD = gnu99;
				GCC_DYNAMIC_NO_PIC = NO;
				GCC_NO_COMMON_BLOCKS = YES;
				GCC_OPTIMIZATION_LEVEL = 0;
				GCC_PREPROCESSOR_DEFINITIONS = (
					"DEBUG=1",
					"$(inherited)",
				);
				GCC_WARN_64_TO_32_BIT_CONVERSION = YES;
				GCC_WARN_ABOUT_RETURN_TYPE = YES_ERROR;
				GCC_WARN_UNDECLARED_SELECTOR = YES;
				GCC_WARN_UNINITIALIZED_AUTOS = YES_AGGRESSIVE;
				GCC_WARN_UNUSED_FUNCTION = YES;
				GCC_WARN_UNUSED_VARIABLE = YES;
				MACOSX_DEPLOYMENT_TARGET = 10.11;
				MTL_ENABLE_DEBUG_INFO = YES;
				ONLY_ACTIVE_ARCH = YES;
				SDKROOT = macosx;
			};
			name = Debug;
		};
		28A24F7F1C305F0900A664BE /* Release */ = {
			isa = XCBuildConfiguration;
			buildSettings = {
				ALWAYS_SEARCH_USER_PATHS = NO;
				CLANG_CXX_LANGUAGE_STANDARD = "gnu++0x";
				CLANG_CXX_LIBRARY = "libc++";
				CLANG_ENABLE_MODULES = YES;
				CLANG_ENABLE_OBJC_ARC = YES;
				CLANG_WARN_BOOL_CONVERSION = YES;
				CLANG_WARN_CONSTANT_CONVERSION = YES;
				CLANG_WARN_DIRECT_OBJC_ISA_USAGE = YES_ERROR;
				CLANG_WARN_EMPTY_BODY = YES;
				CLANG_WARN_ENUM_CONVERSION = YES;
				CLANG_WARN_INT_CONVERSION = YES;
				CLANG_WARN_OBJC_ROOT_CLASS = YES_ERROR;
				CLANG_WARN_UNREACHABLE_CODE = YES;
				CLANG_WARN__DUPLICATE_METHOD_MATCH = YES;
				CODE_SIGN_IDENTITY = "-";
				COPY_PHASE_STRIP = NO;
				DEBUG_INFORMATION_FORMAT = "dwarf-with-dsym";
				ENABLE_NS_ASSERTIONS = NO;
				ENABLE_STRICT_OBJC_MSGSEND = YES;
				GCC_C_LANGUAGE_STANDARD = gnu99;
				GCC_NO_COMMON_BLOCKS = YES;
				GCC_WARN_64_TO_32_BIT_CONVERSION = YES;
				GCC_WARN_ABOUT_RETURN_TYPE = YES_ERROR;
				GCC_WARN_UNDECLARED_SELECTOR = YES;
				GCC_WARN_UNINITIALIZED_AUTOS = YES_AGGRESSIVE;
				GCC_WARN_UNUSED_FUNCTION = YES;
				GCC_WARN_UNUSED_VARIABLE = YES;
				MACOSX_DEPLOYMENT_TARGET = 10.11;
				MTL_ENABLE_DEBUG_INFO = NO;
				SDKROOT = macosx;
			};
			name = Release;
		};
		28A24F811C305F0900A664BE /* Debug */ = {
			isa = XCBuildConfiguration;
			buildSettings = {
				PRODUCT_NAME = "$(TARGET_NAME)";
			};
			name = Debug;
		};
		28A24F821C305F0900A664BE /* Release */ = {
			isa = XCBuildConfiguration;
			buildSettings = {
				PRODUCT_NAME = "$(TARGET_NAME)";
			};
			name = Release;
		};
/* End XCBuildConfiguration section */

/* Begin XCConfigurationList section */
		28A24F741C305F0900A664BE /* Build configuration list for PBXProject "BridgeAI" */ = {
			isa = XCConfigurationList;
			buildConfigurations = (
				28A24F7E1C305F0900A664BE /* Debug */,
				28A24F7F1C305F0900A664BE /* Release */,
			);
			defaultConfigurationIsVisible = 0;
			defaultConfigurationName = Release;
		};
		28A24F801C305F0900A664BE /* Build configuration list for PBXNativeTarget "BridgeAI" */ = {
			isa = XCConfigurationList;
			buildConfigurations = (
				28A24F811C305F0900A664BE /* Debug */,
				28A24F821C305F0900A664BE /* Release */,
			);
			defaultConfigurationIsVisible = 0;
			defaultConfigurationName = Release;
		};
/* End XCConfigurationList section */
	};
	rootObject = 28A24F711C305F0900A664BE /* Project object */;
}
